
Microsoft Visual Studio Solution File, Format Version 12.00
# Visual Studio Version 17
VisualStudioVersion = 17.1.32328.378
MinimumVisualStudioVersion = 10.0.40219.1
Project("{FAE04EC0-301F-11D3-BF4B-00C04F79EFBC}") = "OdrabiamyDownloaderForms", "OdrabiamyDownloaderForms.csproj", "{181FED7D-43F4-43CA-9AE8-0130F5F381E2}"
EndProject
Global
	GlobalSection(SolutionConfigurationPlatforms) = preSolution
		Debug|Any CPU = Debug|Any CPU
		Release|Any CPU = Release|Any CPU
	EndGlobalSection
	GlobalSection(ProjectConfigurationPlatforms) = postSolution
		{181FED7D-43F4-43CA-9AE8-0130F5F381E2}.Debug|Any CPU.ActiveCfg = Debug|Any CPU
		{181FED7D-43F4-43CA-9AE8-0130F5F381E2}.Debug|Any CPU.Build.0 = Debug|Any CPU
		{181FED7D-43F4-43CA-9AE8-0130F5F381E2}.Release|Any CPU.ActiveCfg = Release|Any CPU
		{181FED7D-43F4-43CA-9AE8-0130F5F381E2}.Release|Any CPU.Build.0 = Release|Any CPU
	EndGlobalSection
	GlobalSection(SolutionProperties) = preSolution
		HideSolutionNode = FALSE
	EndGlobalSection
	GlobalSection(ExtensibilityGlobals) = postSolution
		SolutionGuid = {D58DCF4F-AB2B-4654-8D63-EC93DAA60510}
	EndGlobalSection
EndGlobal
